// !$*UTF8*$!
{
	archiveVersion = 1;
	classes = {
	};
	objectVersion = 50;
	objects = {

/* Begin PBXBuildFile section */
		2D5D371631F03CB99F3AB48F /* Pods_RPOdMP_BonusLab.framework in Frameworks */ = {isa = PBXBuildFile; fileRef = 6C976A7C6570F68450EBB933 /* Pods_RPOdMP_BonusLab.framework */; };
		EC05787B220777CE00458EF6 /* NewNoteViewController.swift in Sources */ = {isa = PBXBuildFile; fileRef = EC05787A220777CE00458EF6 /* NewNoteViewController.swift */; };
		EC05787D2207783000458EF6 /* NewNoteViewModel.swift in Sources */ = {isa = PBXBuildFile; fileRef = EC05787C2207783000458EF6 /* NewNoteViewModel.swift */; };
		EC8AC5072206203A006D7962 /* AppDelegate.swift in Sources */ = {isa = PBXBuildFile; fileRef = EC8AC5062206203A006D7962 /* AppDelegate.swift */; };
		EC8AC5092206203A006D7962 /* ListOfNotesViewController.swift in Sources */ = {isa = PBXBuildFile; fileRef = EC8AC5082206203A006D7962 /* ListOfNotesViewController.swift */; };
		EC8AC50C2206203A006D7962 /* Main.storyboard in Resources */ = {isa = PBXBuildFile; fileRef = EC8AC50A2206203A006D7962 /* Main.storyboard */; };
		EC8AC50E2206203C006D7962 /* Assets.xcassets in Resources */ = {isa = PBXBuildFile; fileRef = EC8AC50D2206203C006D7962 /* Assets.xcassets */; };
		EC8AC5112206203C006D7962 /* LaunchScreen.storyboard in Resources */ = {isa = PBXBuildFile; fileRef = EC8AC50F2206203C006D7962 /* LaunchScreen.storyboard */; };
		EC8AC51A220625E7006D7962 /* R.generated.swift in Sources */ = {isa = PBXBuildFile; fileRef = EC8AC519220625E7006D7962 /* R.generated.swift */; };
		EC8AC528220635D9006D7962 /* Note.swift in Sources */ = {isa = PBXBuildFile; fileRef = EC8AC527220635D9006D7962 /* Note.swift */; };
		EC8AC52C22063685006D7962 /* NotesAPI.swift in Sources */ = {isa = PBXBuildFile; fileRef = EC8AC52B22063685006D7962 /* NotesAPI.swift */; };
		EC8AC52E220636A9006D7962 /* Credentials.swift in Sources */ = {isa = PBXBuildFile; fileRef = EC8AC52D220636A9006D7962 /* Credentials.swift */; };
		EC8AC530220637AD006D7962 /* NotesService.swift in Sources */ = {isa = PBXBuildFile; fileRef = EC8AC52F220637AD006D7962 /* NotesService.swift */; };
		EC8AC53322063805006D7962 /* NetworkService.swift in Sources */ = {isa = PBXBuildFile; fileRef = EC8AC53222063805006D7962 /* NetworkService.swift */; };
		EC8AC53522063823006D7962 /* NetworkExtension.swift in Sources */ = {isa = PBXBuildFile; fileRef = EC8AC53422063823006D7962 /* NetworkExtension.swift */; };
		EC8AC53822063864006D7962 /* AppError.swift in Sources */ = {isa = PBXBuildFile; fileRef = EC8AC53722063864006D7962 /* AppError.swift */; };
		EC8AC53A2206392E006D7962 /* ListOfNotesViewModel.swift in Sources */ = {isa = PBXBuildFile; fileRef = EC8AC5392206392E006D7962 /* ListOfNotesViewModel.swift */; };
		EC8AC53E22063DFB006D7962 /* NoteTableViewCell.swift in Sources */ = {isa = PBXBuildFile; fileRef = EC8AC53C22063DFB006D7962 /* NoteTableViewCell.swift */; };
		EC8AC53F22063DFB006D7962 /* NoteTableViewCell.xib in Resources */ = {isa = PBXBuildFile; fileRef = EC8AC53D22063DFB006D7962 /* NoteTableViewCell.xib */; };
		EC8AC54222064621006D7962 /* UIViewController+Rx.swift in Sources */ = {isa = PBXBuildFile; fileRef = EC8AC54122064621006D7962 /* UIViewController+Rx.swift */; };
/* End PBXBuildFile section */

/* Begin PBXFileReference section */
		24EFB352A2C822B122790448 /* Pods-RPOdMP-BonusLab.debug.xcconfig */ = {isa = PBXFileReference; includeInIndex = 1; lastKnownFileType = text.xcconfig; name = "Pods-RPOdMP-BonusLab.debug.xcconfig"; path = "Pods/Target Support Files/Pods-RPOdMP-BonusLab/Pods-RPOdMP-BonusLab.debug.xcconfig"; sourceTree = "<group>"; };
		6C976A7C6570F68450EBB933 /* Pods_RPOdMP_BonusLab.framework */ = {isa = PBXFileReference; explicitFileType = wrapper.framework; includeInIndex = 0; path = Pods_RPOdMP_BonusLab.framework; sourceTree = BUILT_PRODUCTS_DIR; };
		EC05787A220777CE00458EF6 /* NewNoteViewController.swift */ = {isa = PBXFileReference; lastKnownFileType = sourcecode.swift; path = NewNoteViewController.swift; sourceTree = "<group>"; };
		EC05787C2207783000458EF6 /* NewNoteViewModel.swift */ = {isa = PBXFileReference; lastKnownFileType = sourcecode.swift; path = NewNoteViewModel.swift; sourceTree = "<group>"; };
		EC8AC5032206203A006D7962 /* RPOdMP-BonusLab.app */ = {isa = PBXFileReference; explicitFileType = wrapper.application; includeInIndex = 0; path = "RPOdMP-BonusLab.app"; sourceTree = BUILT_PRODUCTS_DIR; };
		EC8AC5062206203A006D7962 /* AppDelegate.swift */ = {isa = PBXFileReference; lastKnownFileType = sourcecode.swift; path = AppDelegate.swift; sourceTree = "<group>"; };
		EC8AC5082206203A006D7962 /* ListOfNotesViewController.swift */ = {isa = PBXFileReference; lastKnownFileType = sourcecode.swift; path = ListOfNotesViewController.swift; sourceTree = "<group>"; };
		EC8AC50B2206203A006D7962 /* Base */ = {isa = PBXFileReference; lastKnownFileType = file.storyboard; name = Base; path = Base.lproj/Main.storyboard; sourceTree = "<group>"; };
		EC8AC50D2206203C006D7962 /* Assets.xcassets */ = {isa = PBXFileReference; lastKnownFileType = folder.assetcatalog; path = Assets.xcassets; sourceTree = "<group>"; };
		EC8AC5102206203C006D7962 /* Base */ = {isa = PBXFileReference; lastKnownFileType = file.storyboard; name = Base; path = Base.lproj/LaunchScreen.storyboard; sourceTree = "<group>"; };
		EC8AC5122206203C006D7962 /* Info.plist */ = {isa = PBXFileReference; lastKnownFileType = text.plist.xml; path = Info.plist; sourceTree = "<group>"; };
		EC8AC519220625E7006D7962 /* R.generated.swift */ = {isa = PBXFileReference; fileEncoding = 4; lastKnownFileType = sourcecode.swift; name = R.generated.swift; path = "RPOdMP-BonusLab/Application/R.generated.swift"; sourceTree = SOURCE_ROOT; };
		EC8AC527220635D9006D7962 /* Note.swift */ = {isa = PBXFileReference; fileEncoding = 4; lastKnownFileType = sourcecode.swift; path = Note.swift; sourceTree = "<group>"; };
		EC8AC52B22063685006D7962 /* NotesAPI.swift */ = {isa = PBXFileReference; lastKnownFileType = sourcecode.swift; path = NotesAPI.swift; sourceTree = "<group>"; };
		EC8AC52D220636A9006D7962 /* Credentials.swift */ = {isa = PBXFileReference; lastKnownFileType = sourcecode.swift; path = Credentials.swift; sourceTree = "<group>"; };
		EC8AC52F220637AD006D7962 /* NotesService.swift */ = {isa = PBXFileReference; lastKnownFileType = sourcecode.swift; path = NotesService.swift; sourceTree = "<group>"; };
		EC8AC53222063805006D7962 /* NetworkService.swift */ = {isa = PBXFileReference; lastKnownFileType = sourcecode.swift; path = NetworkService.swift; sourceTree = "<group>"; };
		EC8AC53422063823006D7962 /* NetworkExtension.swift */ = {isa = PBXFileReference; lastKnownFileType = sourcecode.swift; path = NetworkExtension.swift; sourceTree = "<group>"; };
		EC8AC53722063864006D7962 /* AppError.swift */ = {isa = PBXFileReference; lastKnownFileType = sourcecode.swift; path = AppError.swift; sourceTree = "<group>"; };
		EC8AC5392206392E006D7962 /* ListOfNotesViewModel.swift */ = {isa = PBXFileReference; lastKnownFileType = sourcecode.swift; path = ListOfNotesViewModel.swift; sourceTree = "<group>"; };
		EC8AC53C22063DFB006D7962 /* NoteTableViewCell.swift */ = {isa = PBXFileReference; lastKnownFileType = sourcecode.swift; path = NoteTableViewCell.swift; sourceTree = "<group>"; };
		EC8AC53D22063DFB006D7962 /* NoteTableViewCell.xib */ = {isa = PBXFileReference; lastKnownFileType = file.xib; path = NoteTableViewCell.xib; sourceTree = "<group>"; };
		EC8AC54122064621006D7962 /* UIViewController+Rx.swift */ = {isa = PBXFileReference; lastKnownFileType = sourcecode.swift; path = "UIViewController+Rx.swift"; sourceTree = "<group>"; };
		FF1EEB7FF94A4873EB38FAFB /* Pods-RPOdMP-BonusLab.release.xcconfig */ = {isa = PBXFileReference; includeInIndex = 1; lastKnownFileType = text.xcconfig; name = "Pods-RPOdMP-BonusLab.release.xcconfig"; path = "Pods/Target Support Files/Pods-RPOdMP-BonusLab/Pods-RPOdMP-BonusLab.release.xcconfig"; sourceTree = "<group>"; };
/* End PBXFileReference section */

/* Begin PBXFrameworksBuildPhase section */
		EC8AC5002206203A006D7962 /* Frameworks */ = {
			isa = PBXFrameworksBuildPhase;
			buildActionMask = 2147483647;
			files = (
				2D5D371631F03CB99F3AB48F /* Pods_RPOdMP_BonusLab.framework in Frameworks */,
			);
			runOnlyForDeploymentPostprocessing = 0;
		};
/* End PBXFrameworksBuildPhase section */

/* Begin PBXGroup section */
		5301E771831DEE275BC3FE10 /* Frameworks */ = {
			isa = PBXGroup;
			children = (
				6C976A7C6570F68450EBB933 /* Pods_RPOdMP_BonusLab.framework */,
			);
			name = Frameworks;
			sourceTree = "<group>";
		};
		D45DDD17EBABF4C34C381ECE /* Pods */ = {
			isa = PBXGroup;
			children = (
				24EFB352A2C822B122790448 /* Pods-RPOdMP-BonusLab.debug.xcconfig */,
				FF1EEB7FF94A4873EB38FAFB /* Pods-RPOdMP-BonusLab.release.xcconfig */,
			);
			name = Pods;
			sourceTree = "<group>";
		};
		EC8AC4FA2206203A006D7962 = {
			isa = PBXGroup;
			children = (
				EC8AC5052206203A006D7962 /* RPOdMP-BonusLab */,
				EC8AC5042206203A006D7962 /* Products */,
				D45DDD17EBABF4C34C381ECE /* Pods */,
				5301E771831DEE275BC3FE10 /* Frameworks */,
			);
			sourceTree = "<group>";
		};
		EC8AC5042206203A006D7962 /* Products */ = {
			isa = PBXGroup;
			children = (
				EC8AC5032206203A006D7962 /* RPOdMP-BonusLab.app */,
			);
			name = Products;
			sourceTree = "<group>";
		};
		EC8AC5052206203A006D7962 /* RPOdMP-BonusLab */ = {
			isa = PBXGroup;
			children = (
				EC8AC51B22062648006D7962 /* Application */,
				EC8AC51E2206281D006D7962 /* Classes */,
				EC8AC51F22062831006D7962 /* Resources */,
			);
			path = "RPOdMP-BonusLab";
			sourceTree = "<group>";
		};
		EC8AC51B22062648006D7962 /* Application */ = {
			isa = PBXGroup;
			children = (
				EC8AC5122206203C006D7962 /* Info.plist */,
				EC8AC519220625E7006D7962 /* R.generated.swift */,
				EC8AC5062206203A006D7962 /* AppDelegate.swift */,
			);
			path = Application;
			sourceTree = "<group>";
		};
		EC8AC51E2206281D006D7962 /* Classes */ = {
			isa = PBXGroup;
			children = (
				EC8AC52922063669006D7962 /* Common */,
				EC8AC52122062880006D7962 /* View Controllers */,
				EC8AC52222062889006D7962 /* View Models */,
				EC8AC523220629B1006D7962 /* Models */,
				EC8AC524220629DC006D7962 /* Views */,
			);
			path = Classes;
			sourceTree = "<group>";
		};
		EC8AC51F22062831006D7962 /* Resources */ = {
			isa = PBXGroup;
			children = (
				EC8AC52022062862006D7962 /* Storyboards */,
				EC8AC50F2206203C006D7962 /* LaunchScreen.storyboard */,
				EC8AC50D2206203C006D7962 /* Assets.xcassets */,
			);
			path = Resources;
			sourceTree = "<group>";
		};
		EC8AC52022062862006D7962 /* Storyboards */ = {
			isa = PBXGroup;
			children = (
				EC8AC50A2206203A006D7962 /* Main.storyboard */,
			);
			path = Storyboards;
			sourceTree = "<group>";
		};
		EC8AC52122062880006D7962 /* View Controllers */ = {
			isa = PBXGroup;
			children = (
				EC8AC5082206203A006D7962 /* ListOfNotesViewController.swift */,
				EC05787A220777CE00458EF6 /* NewNoteViewController.swift */,
			);
			path = "View Controllers";
			sourceTree = "<group>";
		};
		EC8AC52222062889006D7962 /* View Models */ = {
			isa = PBXGroup;
			children = (
				EC8AC5392206392E006D7962 /* ListOfNotesViewModel.swift */,
				EC05787C2207783000458EF6 /* NewNoteViewModel.swift */,
			);
			path = "View Models";
			sourceTree = "<group>";
		};
		EC8AC523220629B1006D7962 /* Models */ = {
			isa = PBXGroup;
			children = (
				EC8AC527220635D9006D7962 /* Note.swift */,
			);
			path = Models;
			sourceTree = "<group>";
		};
		EC8AC524220629DC006D7962 /* Views */ = {
			isa = PBXGroup;
			children = (
				EC8AC53B22063DC6006D7962 /* NoteTableViewCell */,
			);
			path = Views;
			sourceTree = "<group>";
		};
		EC8AC52922063669006D7962 /* Common */ = {
			isa = PBXGroup;
			children = (
				EC8AC52D220636A9006D7962 /* Credentials.swift */,
				EC8AC52A2206366F006D7962 /* Network */,
				EC8AC5362206384E006D7962 /* Protocols */,
				EC8AC5402206429D006D7962 /* Extension */,
			);
			path = Common;
			sourceTree = "<group>";
		};
		EC8AC52A2206366F006D7962 /* Network */ = {
			isa = PBXGroup;
			children = (
				EC8AC531220637F5006D7962 /* Base */,
				EC8AC52B22063685006D7962 /* NotesAPI.swift */,
				EC8AC52F220637AD006D7962 /* NotesService.swift */,
			);
			path = Network;
			sourceTree = "<group>";
		};
		EC8AC531220637F5006D7962 /* Base */ = {
			isa = PBXGroup;
			children = (
				EC8AC53222063805006D7962 /* NetworkService.swift */,
				EC8AC53422063823006D7962 /* NetworkExtension.swift */,
			);
			path = Base;
			sourceTree = "<group>";
		};
		EC8AC5362206384E006D7962 /* Protocols */ = {
			isa = PBXGroup;
			children = (
				EC8AC53722063864006D7962 /* AppError.swift */,
			);
			path = Protocols;
			sourceTree = "<group>";
		};
		EC8AC53B22063DC6006D7962 /* NoteTableViewCell */ = {
			isa = PBXGroup;
			children = (
				EC8AC53C22063DFB006D7962 /* NoteTableViewCell.swift */,
				EC8AC53D22063DFB006D7962 /* NoteTableViewCell.xib */,
			);
			path = NoteTableViewCell;
			sourceTree = "<group>";
		};
		EC8AC5402206429D006D7962 /* Extension */ = {
			isa = PBXGroup;
			children = (
				EC8AC54122064621006D7962 /* UIViewController+Rx.swift */,
			);
			path = Extension;
			sourceTree = "<group>";
		};
/* End PBXGroup section */

/* Begin PBXNativeTarget section */
		EC8AC5022206203A006D7962 /* RPOdMP-BonusLab */ = {
			isa = PBXNativeTarget;
			buildConfigurationList = EC8AC5152206203C006D7962 /* Build configuration list for PBXNativeTarget "RPOdMP-BonusLab" */;
			buildPhases = (
				9F8989D505ECFA07A8A3209F /* [CP] Check Pods Manifest.lock */,
				EC8AC518220623E4006D7962 /* R.swift */,
				EC8AC4FF2206203A006D7962 /* Sources */,
				EC8AC5002206203A006D7962 /* Frameworks */,
				EC8AC5012206203A006D7962 /* Resources */,
				3E5FF0FFFF9E126F32072C84 /* [CP] Embed Pods Frameworks */,
			);
			buildRules = (
			);
			dependencies = (
			);
			name = "RPOdMP-BonusLab";
			productName = "RPOdMP-BonusLab";
			productReference = EC8AC5032206203A006D7962 /* RPOdMP-BonusLab.app */;
			productType = "com.apple.product-type.application";
		};
/* End PBXNativeTarget section */

/* Begin PBXProject section */
		EC8AC4FB2206203A006D7962 /* Project object */ = {
			isa = PBXProject;
			attributes = {
				LastSwiftUpdateCheck = 1010;
				LastUpgradeCheck = 1010;
				ORGANIZATIONNAME = "Alex Azarov";
				TargetAttributes = {
					EC8AC5022206203A006D7962 = {
						CreatedOnToolsVersion = 10.1;
					};
				};
			};
			buildConfigurationList = EC8AC4FE2206203A006D7962 /* Build configuration list for PBXProject "RPOdMP-BonusLab" */;
			compatibilityVersion = "Xcode 9.3";
			developmentRegion = en;
			hasScannedForEncodings = 0;
			knownRegions = (
				en,
				Base,
			);
			mainGroup = EC8AC4FA2206203A006D7962;
			productRefGroup = EC8AC5042206203A006D7962 /* Products */;
			projectDirPath = "";
			projectRoot = "";
			targets = (
				EC8AC5022206203A006D7962 /* RPOdMP-BonusLab */,
			);
		};
/* End PBXProject section */

/* Begin PBXResourcesBuildPhase section */
		EC8AC5012206203A006D7962 /* Resources */ = {
			isa = PBXResourcesBuildPhase;
			buildActionMask = 2147483647;
			files = (
				EC8AC5112206203C006D7962 /* LaunchScreen.storyboard in Resources */,
				EC8AC50E2206203C006D7962 /* Assets.xcassets in Resources */,
				EC8AC50C2206203A006D7962 /* Main.storyboard in Resources */,
				EC8AC53F22063DFB006D7962 /* NoteTableViewCell.xib in Resources */,
			);
			runOnlyForDeploymentPostprocessing = 0;
		};
/* End PBXResourcesBuildPhase section */

/* Begin PBXShellScriptBuildPhase section */
		3E5FF0FFFF9E126F32072C84 /* [CP] Embed Pods Frameworks */ = {
			isa = PBXShellScriptBuildPhase;
			buildActionMask = 2147483647;
			files = (
			);
			inputFileListPaths = (
			);
			inputPaths = (
				"${SRCROOT}/Pods/Target Support Files/Pods-RPOdMP-BonusLab/Pods-RPOdMP-BonusLab-frameworks.sh",
				"${BUILT_PRODUCTS_DIR}/Alamofire/Alamofire.framework",
				"${BUILT_PRODUCTS_DIR}/Differentiator/Differentiator.framework",
				"${BUILT_PRODUCTS_DIR}/Moya/Moya.framework",
				"${BUILT_PRODUCTS_DIR}/ObjectMapper/ObjectMapper.framework",
				"${BUILT_PRODUCTS_DIR}/PKHUD/PKHUD.framework",
				"${BUILT_PRODUCTS_DIR}/R.swift.Library/Rswift.framework",
				"${BUILT_PRODUCTS_DIR}/Result/Result.framework",
				"${BUILT_PRODUCTS_DIR}/RxAtomic/RxAtomic.framework",
				"${BUILT_PRODUCTS_DIR}/RxCocoa/RxCocoa.framework",
				"${BUILT_PRODUCTS_DIR}/RxDataSources/RxDataSources.framework",
				"${BUILT_PRODUCTS_DIR}/RxSwift/RxSwift.framework",
			);
			name = "[CP] Embed Pods Frameworks";
			outputFileListPaths = (
			);
			outputPaths = (
				"${TARGET_BUILD_DIR}/${FRAMEWORKS_FOLDER_PATH}/Alamofire.framework",
				"${TARGET_BUILD_DIR}/${FRAMEWORKS_FOLDER_PATH}/Differentiator.framework",
				"${TARGET_BUILD_DIR}/${FRAMEWORKS_FOLDER_PATH}/Moya.framework",
				"${TARGET_BUILD_DIR}/${FRAMEWORKS_FOLDER_PATH}/ObjectMapper.framework",
				"${TARGET_BUILD_DIR}/${FRAMEWORKS_FOLDER_PATH}/PKHUD.framework",
				"${TARGET_BUILD_DIR}/${FRAMEWORKS_FOLDER_PATH}/Rswift.framework",
				"${TARGET_BUILD_DIR}/${FRAMEWORKS_FOLDER_PATH}/Result.framework",
				"${TARGET_BUILD_DIR}/${FRAMEWORKS_FOLDER_PATH}/RxAtomic.framework",
				"${TARGET_BUILD_DIR}/${FRAMEWORKS_FOLDER_PATH}/RxCocoa.framework",
				"${TARGET_BUILD_DIR}/${FRAMEWORKS_FOLDER_PATH}/RxDataSources.framework",
				"${TARGET_BUILD_DIR}/${FRAMEWORKS_FOLDER_PATH}/RxSwift.framework",
			);
			runOnlyForDeploymentPostprocessing = 0;
			shellPath = /bin/sh;
			shellScript = "\"${SRCROOT}/Pods/Target Support Files/Pods-RPOdMP-BonusLab/Pods-RPOdMP-BonusLab-frameworks.sh\"\n";
			showEnvVarsInLog = 0;
		};
		9F8989D505ECFA07A8A3209F /* [CP] Check Pods Manifest.lock */ = {
			isa = PBXShellScriptBuildPhase;
			buildActionMask = 2147483647;
			files = (
			);
			inputFileListPaths = (
			);
			inputPaths = (
				"${PODS_PODFILE_DIR_PATH}/Podfile.lock",
				"${PODS_ROOT}/Manifest.lock",
			);
			name = "[CP] Check Pods Manifest.lock";
			outputFileListPaths = (
			);
			outputPaths = (
				"$(DERIVED_FILE_DIR)/Pods-RPOdMP-BonusLab-checkManifestLockResult.txt",
			);
			runOnlyForDeploymentPostprocessing = 0;
			shellPath = /bin/sh;
			shellScript = "diff \"${PODS_PODFILE_DIR_PATH}/Podfile.lock\" \"${PODS_ROOT}/Manifest.lock\" > /dev/null\nif [ $? != 0 ] ; then\n    # print error to STDERR\n    echo \"error: The sandbox is not in sync with the Podfile.lock. Run 'pod install' or update your CocoaPods installation.\" >&2\n    exit 1\nfi\n# This output is used by Xcode 'outputs' to avoid re-running this script phase.\necho \"SUCCESS\" > \"${SCRIPT_OUTPUT_FILE_0}\"\n";
			showEnvVarsInLog = 0;
		};
		EC8AC518220623E4006D7962 /* R.swift */ = {
			isa = PBXShellScriptBuildPhase;
			buildActionMask = 2147483647;
			files = (
			);
			inputFileListPaths = (
			);
			inputPaths = (
				"$TEMP_DIR/rswift-lastrun",
			);
			name = R.swift;
			outputFileListPaths = (
			);
			outputPaths = (
				"$SRCROOT/RPOdMP-BonusLab/Application/R.generated.swift",
			);
			runOnlyForDeploymentPostprocessing = 0;
			shellPath = /bin/sh;
			shellScript = "\"$PODS_ROOT/R.swift/rswift\" generate \"$SRCROOT/RPOdMP-BonusLab/Application/R.generated.swift\"\n";
		};
/* End PBXShellScriptBuildPhase section */

/* Begin PBXSourcesBuildPhase section */
		EC8AC4FF2206203A006D7962 /* Sources */ = {
			isa = PBXSourcesBuildPhase;
			buildActionMask = 2147483647;
			files = (
				EC8AC530220637AD006D7962 /* NotesService.swift in Sources */,
				EC8AC52E220636A9006D7962 /* Credentials.swift in Sources */,
				EC8AC53822063864006D7962 /* AppError.swift in Sources */,
				EC8AC53522063823006D7962 /* NetworkExtension.swift in Sources */,
				EC8AC53322063805006D7962 /* NetworkService.swift in Sources */,
				EC8AC5092206203A006D7962 /* ListOfNotesViewController.swift in Sources */,
				EC05787D2207783000458EF6 /* NewNoteViewModel.swift in Sources */,
				EC8AC54222064621006D7962 /* UIViewController+Rx.swift in Sources */,
				EC8AC5072206203A006D7962 /* AppDelegate.swift in Sources */,
				EC8AC51A220625E7006D7962 /* R.generated.swift in Sources */,
				EC05787B220777CE00458EF6 /* NewNoteViewController.swift in Sources */,
				EC8AC528220635D9006D7962 /* Note.swift in Sources */,
				EC8AC52C22063685006D7962 /* NotesAPI.swift in Sources */,
				EC8AC53A2206392E006D7962 /* ListOfNotesViewModel.swift in Sources */,
				EC8AC53E22063DFB006D7962 /* NoteTableViewCell.swift in Sources */,
			);
			runOnlyForDeploymentPostprocessing = 0;
		};
/* End PBXSourcesBuildPhase section */

/* Begin PBXVariantGroup section */
		EC8AC50A2206203A006D7962 /* Main.storyboard */ = {
			isa = PBXVariantGroup;
			children = (
				EC8AC50B2206203A006D7962 /* Base */,
			);
			name = Main.storyboard;
			sourceTree = "<group>";
		};
		EC8AC50F2206203C006D7962 /* LaunchScreen.storyboard */ = {
			isa = PBXVariantGroup;
			children = (
				EC8AC5102206203C006D7962 /* Base */,
			);
			name = LaunchScreen.storyboard;
			sourceTree = "<group>";
		};
/* End PBXVariantGroup section */

/* Begin XCBuildConfiguration section */
		EC8AC5132206203C006D7962 /* Debug */ = {
			isa = XCBuildConfiguration;
			buildSettings = {
				ALWAYS_SEARCH_USER_PATHS = NO;
				CLANG_ANALYZER_NONNULL = YES;
				CLANG_ANALYZER_NUMBER_OBJECT_CONVERSION = YES_AGGRESSIVE;
				CLANG_CXX_LANGUAGE_STANDARD = "gnu++14";
				CLANG_CXX_LIBRARY = "libc++";
				CLANG_ENABLE_MODULES = YES;
				CLANG_ENABLE_OBJC_ARC = YES;
				CLANG_ENABLE_OBJC_WEAK = YES;
				CLANG_WARN_BLOCK_CAPTURE_AUTORELEASING = YES;
				CLANG_WARN_BOOL_CONVERSION = YES;
				CLANG_WARN_COMMA = YES;
				CLANG_WARN_CONSTANT_CONVERSION = YES;
				CLANG_WARN_DEPRECATED_OBJC_IMPLEMENTATIONS = YES;
				CLANG_WARN_DIRECT_OBJC_ISA_USAGE = YES_ERROR;
				CLANG_WARN_DOCUMENTATION_COMMENTS = YES;
				CLANG_WARN_EMPTY_BODY = YES;
				CLANG_WARN_ENUM_CONVERSION = YES;
				CLANG_WARN_INFINITE_RECURSION = YES;
				CLANG_WARN_INT_CONVERSION = YES;
				CLANG_WARN_NON_LITERAL_NULL_CONVERSION = YES;
				CLANG_WARN_OBJC_IMPLICIT_RETAIN_SELF = YES;
				CLANG_WARN_OBJC_LITERAL_CONVERSION = YES;
				CLANG_WARN_OBJC_ROOT_CLASS = YES_ERROR;
				CLANG_WARN_RANGE_LOOP_ANALYSIS = YES;
				CLANG_WARN_STRICT_PROTOTYPES = YES;
				CLANG_WARN_SUSPICIOUS_MOVE = YES;
				CLANG_WARN_UNGUARDED_AVAILABILITY = YES_AGGRESSIVE;
				CLANG_WARN_UNREACHABLE_CODE = YES;
				CLANG_WARN__DUPLICATE_METHOD_MATCH = YES;
				CODE_SIGN_IDENTITY = "iPhone Developer";
				COPY_PHASE_STRIP = NO;
				DEBUG_INFORMATION_FORMAT = dwarf;
				ENABLE_STRICT_OBJC_MSGSEND = YES;
				ENABLE_TESTABILITY = YES;
				GCC_C_LANGUAGE_STANDARD = gnu11;
				GCC_DYNAMIC_NO_PIC = NO;
				GCC_NO_COMMON_BLOCKS = YES;
				GCC_OPTIMIZATION_LEVEL = 0;
				GCC_PREPROCESSOR_DEFINITIONS = (
					"DEBUG=1",
					"$(inherited)",
				);
				GCC_WARN_64_TO_32_BIT_CONVERSION = YES;
				GCC_WARN_ABOUT_RETURN_TYPE = YES_ERROR;
				GCC_WARN_UNDECLARED_SELECTOR = YES;
				GCC_WARN_UNINITIALIZED_AUTOS = YES_AGGRESSIVE;
				GCC_WARN_UNUSED_FUNCTION = YES;
				GCC_WARN_UNUSED_VARIABLE = YES;
				IPHONEOS_DEPLOYMENT_TARGET = 12.1;
				MTL_ENABLE_DEBUG_INFO = INCLUDE_SOURCE;
				MTL_FAST_MATH = YES;
				ONLY_ACTIVE_ARCH = YES;
				SDKROOT = iphoneos;
				SWIFT_ACTIVE_COMPILATION_CONDITIONS = DEBUG;
				SWIFT_OPTIMIZATION_LEVEL = "-Onone";
			};
			name = Debug;
		};
		EC8AC5142206203C006D7962 /* Release */ = {
			isa = XCBuildConfiguration;
			buildSettings = {
				ALWAYS_SEARCH_USER_PATHS = NO;
				CLANG_ANALYZER_NONNULL = YES;
				CLANG_ANALYZER_NUMBER_OBJECT_CONVERSION = YES_AGGRESSIVE;
				CLANG_CXX_LANGUAGE_STANDARD = "gnu++14";
				CLANG_CXX_LIBRARY = "libc++";
				CLANG_ENABLE_MODULES = YES;
				CLANG_ENABLE_OBJC_ARC = YES;
				CLANG_ENABLE_OBJC_WEAK = YES;
				CLANG_WARN_BLOCK_CAPTURE_AUTORELEASING = YES;
				CLANG_WARN_BOOL_CONVERSION = YES;
				CLANG_WARN_COMMA = YES;
				CLANG_WARN_CONSTANT_CONVERSION = YES;
				CLANG_WARN_DEPRECATED_OBJC_IMPLEMENTATIONS = YES;
				CLANG_WARN_DIRECT_OBJC_ISA_USAGE = YES_ERROR;
				CLANG_WARN_DOCUMENTATION_COMMENTS = YES;
				CLANG_WARN_EMPTY_BODY = YES;
				CLANG_WARN_ENUM_CONVERSION = YES;
				CLANG_WARN_INFINITE_RECURSION = YES;
				CLANG_WARN_INT_CONVERSION = YES;
				CLANG_WARN_NON_LITERAL_NULL_CONVERSION = YES;
				CLANG_WARN_OBJC_IMPLICIT_RETAIN_SELF = YES;
				CLANG_WARN_OBJC_LITERAL_CONVERSION = YES;
				CLANG_WARN_OBJC_ROOT_CLASS = YES_ERROR;
				CLANG_WARN_RANGE_LOOP_ANALYSIS = YES;
				CLANG_WARN_STRICT_PROTOTYPES = YES;
				CLANG_WARN_SUSPICIOUS_MOVE = YES;
				CLANG_WARN_UNGUARDED_AVAILABILITY = YES_AGGRESSIVE;
				CLANG_WARN_UNREACHABLE_CODE = YES;
				CLANG_WARN__DUPLICATE_METHOD_MATCH = YES;
				CODE_SIGN_IDENTITY = "iPhone Developer";
				COPY_PHASE_STRIP = NO;
				DEBUG_INFORMATION_FORMAT = "dwarf-with-dsym";
				ENABLE_NS_ASSERTIONS = NO;
				ENABLE_STRICT_OBJC_MSGSEND = YES;
				GCC_C_LANGUAGE_STANDARD = gnu11;
				GCC_NO_COMMON_BLOCKS = YES;
				GCC_WARN_64_TO_32_BIT_CONVERSION = YES;
				GCC_WARN_ABOUT_RETURN_TYPE = YES_ERROR;
				GCC_WARN_UNDECLARED_SELECTOR = YES;
				GCC_WARN_UNINITIALIZED_AUTOS = YES_AGGRESSIVE;
				GCC_WARN_UNUSED_FUNCTION = YES;
				GCC_WARN_UNUSED_VARIABLE = YES;
				IPHONEOS_DEPLOYMENT_TARGET = 12.1;
				MTL_ENABLE_DEBUG_INFO = NO;
				MTL_FAST_MATH = YES;
				SDKROOT = iphoneos;
				SWIFT_COMPILATION_MODE = wholemodule;
				SWIFT_OPTIMIZATION_LEVEL = "-O";
				VALIDATE_PRODUCT = YES;
			};
			name = Release;
		};
		EC8AC5162206203C006D7962 /* Debug */ = {
			isa = XCBuildConfiguration;
			baseConfigurationReference = 24EFB352A2C822B122790448 /* Pods-RPOdMP-BonusLab.debug.xcconfig */;
			buildSettings = {
				ASSETCATALOG_COMPILER_APPICON_NAME = AppIcon;
				CODE_SIGN_STYLE = Automatic;
				DEVELOPMENT_TEAM = CLALR9F4Q5;
				INFOPLIST_FILE = "RPOdMP-BonusLab/Application/Info.plist";
				LD_RUNPATH_SEARCH_PATHS = (
					"$(inherited)",
					"@executable_path/Frameworks",
				);
				PRODUCT_BUNDLE_IDENTIFIER = "by.azarov.RPOdMP-BonusLab";
				PRODUCT_NAME = "$(TARGET_NAME)";
				SWIFT_VERSION = 4.2;
				TARGETED_DEVICE_FAMILY = "1,2";
			};
			name = Debug;
		};
		EC8AC5172206203C006D7962 /* Release */ = {
			isa = XCBuildConfiguration;
			baseConfigurationReference = FF1EEB7FF94A4873EB38FAFB /* Pods-RPOdMP-BonusLab.release.xcconfig */;
			buildSettings = {
				ASSETCATALOG_COMPILER_APPICON_NAME = AppIcon;
				CODE_SIGN_STYLE = Automatic;
				DEVELOPMENT_TEAM = CLALR9F4Q5;
				INFOPLIST_FILE = "RPOdMP-BonusLab/Application/Info.plist";
				LD_RUNPATH_SEARCH_PATHS = (
					"$(inherited)",
					"@executable_path/Frameworks",
				);
				PRODUCT_BUNDLE_IDENTIFIER = "by.azarov.RPOdMP-BonusLab";
				PRODUCT_NAME = "$(TARGET_NAME)";
				SWIFT_VERSION = 4.2;
				TARGETED_DEVICE_FAMILY = "1,2";
			};
			name = Release;
		};
/* End XCBuildConfiguration section */

/* Begin XCConfigurationList section */
		EC8AC4FE2206203A006D7962 /* Build configuration list for PBXProject "RPOdMP-BonusLab" */ = {
			isa = XCConfigurationList;
			buildConfigurations = (
				EC8AC5132206203C006D7962 /* Debug */,
				EC8AC5142206203C006D7962 /* Release */,
			);
			defaultConfigurationIsVisible = 0;
			defaultConfigurationName = Release;
		};
		EC8AC5152206203C006D7962 /* Build configuration list for PBXNativeTarget "RPOdMP-BonusLab" */ = {
			isa = XCConfigurationList;
			buildConfigurations = (
				EC8AC5162206203C006D7962 /* Debug */,
				EC8AC5172206203C006D7962 /* Release */,
			);
			defaultConfigurationIsVisible = 0;
			defaultConfigurationName = Release;
		};
/* End XCConfigurationList section */
	};
	rootObject = EC8AC4FB2206203A006D7962 /* Project object */;
}
